
Microsoft Visual Studio Solution File, Format Version 12.00
# Visual Studio Version 16
VisualStudioVersion = 16.0.30104.148
MinimumVisualStudioVersion = 10.0.40219.1
Project("{FAE04EC0-301F-11D3-BF4B-00C04F79EFBC}") = "PractProj1", "PractProj1.csproj", "{A6470FE0-CFF5-423C-A732-CC026EA8EC50}"
EndProject
Global
	GlobalSection(SolutionConfigurationPlatforms) = preSolution
		Debug|Any CPU = Debug|Any CPU
		Release|Any CPU = Release|Any CPU
	EndGlobalSection
	GlobalSection(ProjectConfigurationPlatforms) = postSolution
		{A6470FE0-CFF5-423C-A732-CC026EA8EC50}.Debug|Any CPU.ActiveCfg = Debug|Any CPU
		{A6470FE0-CFF5-423C-A732-CC026EA8EC50}.Debug|Any CPU.Build.0 = Debug|Any CPU
		{A6470FE0-CFF5-423C-A732-CC026EA8EC50}.Release|Any CPU.ActiveCfg = Release|Any CPU
		{A6470FE0-CFF5-423C-A732-CC026EA8EC50}.Release|Any CPU.Build.0 = Release|Any CPU
	EndGlobalSection
	GlobalSection(SolutionProperties) = preSolution
		HideSolutionNode = FALSE
	EndGlobalSection
	GlobalSection(ExtensibilityGlobals) = postSolution
		SolutionGuid = {A82189A7-ED17-4B01-B658-5B32FF801C7B}
	EndGlobalSection
EndGlobal
